<Solution>
  <Folder Name="/Task0/">
    <Project Path="Tyuiu.KashinaVE.Sprint0.Task0.V0/Tyuiu.KashinaVE.Sprint0.Task0.V0.csproj" />
  </Folder>
  <Folder Name="/Task1/">
    <Project Path="Tyuiu.KashinaVe.Sprint0.Task1.V0/Tyuiu.KashinaVe.Sprint0.Task1.V0.csproj" />
  </Folder>
  <Folder Name="/Task2/">
    <Project Path="Tyuiu.KashinaVE.Sprint0.Task2.V0.Lib/Tyuiu.KashinaVE.Sprint0.Task2.V0.Lib.csproj" Id="309e76c0-616d-486f-bb74-afdb849a0934" />
    <Project Path="Tyuiu.KashinaVE.Sprint0.Task2.V0.Test/Tyuiu.KashinaVE.Sprint0.Task2.V0.Test.csproj" Id="1520aeff-b565-4330-b160-ca5ef4e8e582" />
    <Project Path="Tyuiu.KashinaVE.Sprint0.Task2.V0/Tyuiu.KashinaVE.Sprint0.Task2.V0.csproj" Id="fcfd522d-a165-4614-8445-ecf9db6a69bc" />
  </Folder>
  <Folder Name="/Task3/">
    <Project Path="Tyuiu.KashinaVE.Sprint0.Task3.V0.Lib/Tyuiu.KashinaVE.Sprint0.Task3.V0.Lib.csproj" Id="71e1da60-8b7a-4c60-8154-fddcecfd137d" />
    <Project Path="Tyuiu.KashinaVE.Sprint0.Task3.V0.Test/Tyuiu.KashinaVE.Sprint0.Task3.V0.Test.csproj" Id="5c5f3b2a-cfe2-4849-a08f-148445f0208a" />
    <Project Path="Tyuiu.KashinaVE.Sprint0.Task3.V0/Tyuiu.KashinaVE.Sprint0.Task3.V0.csproj" Id="4df3d387-bc56-4c10-870b-19efdc7c4616" />
  </Folder>
  <Folder Name="/Task4/">
    <Project Path="Tyuiu.KashinaVe.Sprint0.Task4.V0.Lib/Tyuiu.KashinaVe.Sprint0.Task4.V0.Lib.csproj" Id="9d1c1c22-2e0d-4bc7-ad8b-292bd5fa9ed3" />
    <Project Path="Tyuiu.KashinaVe.Sprint0.Task4.V0.Test/Tyuiu.KashinaVe.Sprint0.Task4.V0.Test.csproj" Id="773a9fbc-0c1f-4446-8eea-1c495505ebd1" />
    <Project Path="Tyuiu.KashinaVe.Sprint0.Task4.V0/Tyuiu.KashinaVe.Sprint0.Task4.V0.csproj" Id="1d31532e-a0c3-4d56-970a-c7066be0d18a" />
  </Folder>
</Solution>
